
Microsoft Visual Studio Solution File, Format Version 12.00
# Visual Studio 15
VisualStudioVersion = 15.0.28010.2050
MinimumVisualStudioVersion = 10.0.40219.1
Project("{8BC9CEB8-8B4A-11D0-8D11-00A0C91BC942}") = "SIMDExample", "SIMDExample\SIMDExample.vcxproj", "{B6C6E8FB-E3B5-47FB-87BD-E5689AC6A0BA}"
EndProject
Global
	GlobalSection(SolutionConfigurationPlatforms) = preSolution
		Debug|x64 = Debug|x64
		Debug|x86 = Debug|x86
		Release|x64 = Release|x64
		Release|x86 = Release|x86
	EndGlobalSection
	GlobalSection(ProjectConfigurationPlatforms) = postSolution
		{B6C6E8FB-E3B5-47FB-87BD-E5689AC6A0BA}.Debug|x64.ActiveCfg = Debug|x64
		{B6C6E8FB-E3B5-47FB-87BD-E5689AC6A0BA}.Debug|x64.Build.0 = Debug|x64
		{B6C6E8FB-E3B5-47FB-87BD-E5689AC6A0BA}.Debug|x86.ActiveCfg = Debug|Win32
		{B6C6E8FB-E3B5-47FB-87BD-E5689AC6A0BA}.Debug|x86.Build.0 = Debug|Win32
		{B6C6E8FB-E3B5-47FB-87BD-E5689AC6A0BA}.Release|x64.ActiveCfg = Release|x64
		{B6C6E8FB-E3B5-47FB-87BD-E5689AC6A0BA}.Release|x64.Build.0 = Release|x64
		{B6C6E8FB-E3B5-47FB-87BD-E5689AC6A0BA}.Release|x86.ActiveCfg = Release|Win32
		{B6C6E8FB-E3B5-47FB-87BD-E5689AC6A0BA}.Release|x86.Build.0 = Release|Win32
	EndGlobalSection
	GlobalSection(SolutionProperties) = preSolution
		HideSolutionNode = FALSE
	EndGlobalSection
	GlobalSection(ExtensibilityGlobals) = postSolution
		SolutionGuid = {3BBAACFB-05CB-4A28-BEFF-F7B51D4E1A1B}
	EndGlobalSection
EndGlobal
