
Microsoft Visual Studio Solution File, Format Version 12.00
# Visual Studio 15
VisualStudioVersion = 15.0.28010.2048
MinimumVisualStudioVersion = 10.0.40219.1
Project("{FAE04EC0-301F-11D3-BF4B-00C04F79EFBC}") = "WebApplication1", "WebApplication1\WebApplication1.csproj", "{EB2F690C-67A3-4528-929A-9B782A2FDB39}"
EndProject
Global
	GlobalSection(SolutionConfigurationPlatforms) = preSolution
		Debug|Any CPU = Debug|Any CPU
		Release|Any CPU = Release|Any CPU
	EndGlobalSection
	GlobalSection(ProjectConfigurationPlatforms) = postSolution
		{EB2F690C-67A3-4528-929A-9B782A2FDB39}.Debug|Any CPU.ActiveCfg = Debug|Any CPU
		{EB2F690C-67A3-4528-929A-9B782A2FDB39}.Debug|Any CPU.Build.0 = Debug|Any CPU
		{EB2F690C-67A3-4528-929A-9B782A2FDB39}.Release|Any CPU.ActiveCfg = Release|Any CPU
		{EB2F690C-67A3-4528-929A-9B782A2FDB39}.Release|Any CPU.Build.0 = Release|Any CPU
	EndGlobalSection
	GlobalSection(SolutionProperties) = preSolution
		HideSolutionNode = FALSE
	EndGlobalSection
	GlobalSection(ExtensibilityGlobals) = postSolution
		SolutionGuid = {3C2AE118-F2DB-413B-BD72-4495889F1C35}
	EndGlobalSection
EndGlobal
